// !$*UTF8*$!
{
	archiveVersion = 1;
	classes = {
	};
	objectVersion = 52;
	objects = {

/* Begin PBXBuildFile section */
		3300822A261CEC7800A9427C /* IntrospectApp.swift in Sources */ = {isa = PBXBuildFile; fileRef = 33008229261CEC7800A9427C /* IntrospectApp.swift */; };
		3300822E261CEC7800A9427C /* Assets.xcassets in Resources */ = {isa = PBXBuildFile; fileRef = 3300822D261CEC7800A9427C /* Assets.xcassets */; };
		33008231261CEC7800A9427C /* Preview Assets.xcassets in Resources */ = {isa = PBXBuildFile; fileRef = 33008230261CEC7800A9427C /* Preview Assets.xcassets */; };
		3300823B261CECB400A9427C /* ComposableArchitecture in Frameworks */ = {isa = PBXBuildFile; productRef = 3300823A261CECB400A9427C /* ComposableArchitecture */; };
		33008242261CECEE00A9427C /* Example.swift in Sources */ = {isa = PBXBuildFile; fileRef = 33008241261CECEE00A9427C /* Example.swift */; };
		33008245261CECFB00A9427C /* AssessmentView.swift in Sources */ = {isa = PBXBuildFile; fileRef = 33008244261CECFB00A9427C /* AssessmentView.swift */; };
		33008249261CF2D300A9427C /* Assessment.swift in Sources */ = {isa = PBXBuildFile; fileRef = 33008248261CF2D300A9427C /* Assessment.swift */; };
		3300824E261CF52200A9427C /* Question.swift in Sources */ = {isa = PBXBuildFile; fileRef = 3300824D261CF52200A9427C /* Question.swift */; };
		33008255261CFF3800A9427C /* ButtonStyle+Extensions.swift in Sources */ = {isa = PBXBuildFile; fileRef = 33008254261CFF3800A9427C /* ButtonStyle+Extensions.swift */; };
		335AEFF2261D31310048ED51 /* AssessmentStartView.swift in Sources */ = {isa = PBXBuildFile; fileRef = 335AEFF1261D31310048ED51 /* AssessmentStartView.swift */; };
		33742F1E261D2B71002B769C /* Root.swift in Sources */ = {isa = PBXBuildFile; fileRef = 33742F1D261D2B71002B769C /* Root.swift */; };
		33742F22261D2BFB002B769C /* RootView.swift in Sources */ = {isa = PBXBuildFile; fileRef = 33742F21261D2BFB002B769C /* RootView.swift */; };
		33742F26261D2DE9002B769C /* AssessmentQuestionView.swift in Sources */ = {isa = PBXBuildFile; fileRef = 33742F25261D2DE9002B769C /* AssessmentQuestionView.swift */; };
		33742F29261D2E11002B769C /* AssessmentFinishedView.swift in Sources */ = {isa = PBXBuildFile; fileRef = 33742F28261D2E11002B769C /* AssessmentFinishedView.swift */; };
		33742F2E261D2E6C002B769C /* AboutView.swift in Sources */ = {isa = PBXBuildFile; fileRef = 33742F2D261D2E6C002B769C /* AboutView.swift */; };
		33742F31261D2E96002B769C /* ProfileView.swift in Sources */ = {isa = PBXBuildFile; fileRef = 33742F30261D2E96002B769C /* ProfileView.swift */; };
/* End PBXBuildFile section */

/* Begin PBXFileReference section */
		33008226261CEC7800A9427C /* Introspect.app */ = {isa = PBXFileReference; explicitFileType = wrapper.application; includeInIndex = 0; path = Introspect.app; sourceTree = BUILT_PRODUCTS_DIR; };
		33008229261CEC7800A9427C /* IntrospectApp.swift */ = {isa = PBXFileReference; lastKnownFileType = sourcecode.swift; path = IntrospectApp.swift; sourceTree = "<group>"; };
		3300822D261CEC7800A9427C /* Assets.xcassets */ = {isa = PBXFileReference; lastKnownFileType = folder.assetcatalog; path = Assets.xcassets; sourceTree = "<group>"; };
		33008230261CEC7800A9427C /* Preview Assets.xcassets */ = {isa = PBXFileReference; lastKnownFileType = folder.assetcatalog; path = "Preview Assets.xcassets"; sourceTree = "<group>"; };
		33008232261CEC7800A9427C /* Info.plist */ = {isa = PBXFileReference; lastKnownFileType = text.plist.xml; path = Info.plist; sourceTree = "<group>"; };
		33008241261CECEE00A9427C /* Example.swift */ = {isa = PBXFileReference; lastKnownFileType = sourcecode.swift; path = Example.swift; sourceTree = "<group>"; };
		33008244261CECFB00A9427C /* AssessmentView.swift */ = {isa = PBXFileReference; lastKnownFileType = sourcecode.swift; path = AssessmentView.swift; sourceTree = "<group>"; };
		33008248261CF2D300A9427C /* Assessment.swift */ = {isa = PBXFileReference; lastKnownFileType = sourcecode.swift; path = Assessment.swift; sourceTree = "<group>"; };
		3300824D261CF52200A9427C /* Question.swift */ = {isa = PBXFileReference; lastKnownFileType = sourcecode.swift; path = Question.swift; sourceTree = "<group>"; };
		33008254261CFF3800A9427C /* ButtonStyle+Extensions.swift */ = {isa = PBXFileReference; lastKnownFileType = sourcecode.swift; path = "ButtonStyle+Extensions.swift"; sourceTree = "<group>"; };
		335AEFF1261D31310048ED51 /* AssessmentStartView.swift */ = {isa = PBXFileReference; lastKnownFileType = sourcecode.swift; path = AssessmentStartView.swift; sourceTree = "<group>"; };
		33742F1D261D2B71002B769C /* Root.swift */ = {isa = PBXFileReference; lastKnownFileType = sourcecode.swift; path = Root.swift; sourceTree = "<group>"; };
		33742F21261D2BFB002B769C /* RootView.swift */ = {isa = PBXFileReference; lastKnownFileType = sourcecode.swift; path = RootView.swift; sourceTree = "<group>"; };
		33742F25261D2DE9002B769C /* AssessmentQuestionView.swift */ = {isa = PBXFileReference; lastKnownFileType = sourcecode.swift; path = AssessmentQuestionView.swift; sourceTree = "<group>"; };
		33742F28261D2E11002B769C /* AssessmentFinishedView.swift */ = {isa = PBXFileReference; lastKnownFileType = sourcecode.swift; path = AssessmentFinishedView.swift; sourceTree = "<group>"; };
		33742F2D261D2E6C002B769C /* AboutView.swift */ = {isa = PBXFileReference; lastKnownFileType = sourcecode.swift; path = AboutView.swift; sourceTree = "<group>"; };
		33742F30261D2E96002B769C /* ProfileView.swift */ = {isa = PBXFileReference; lastKnownFileType = sourcecode.swift; path = ProfileView.swift; sourceTree = "<group>"; };
/* End PBXFileReference section */

/* Begin PBXFrameworksBuildPhase section */
		33008223261CEC7800A9427C /* Frameworks */ = {
			isa = PBXFrameworksBuildPhase;
			buildActionMask = 2147483647;
			files = (
				3300823B261CECB400A9427C /* ComposableArchitecture in Frameworks */,
			);
			runOnlyForDeploymentPostprocessing = 0;
		};
/* End PBXFrameworksBuildPhase section */

/* Begin PBXGroup section */
		3300821D261CEC7700A9427C = {
			isa = PBXGroup;
			children = (
				33008228261CEC7800A9427C /* Introspect */,
				33008227261CEC7800A9427C /* Products */,
			);
			sourceTree = "<group>";
		};
		33008227261CEC7800A9427C /* Products */ = {
			isa = PBXGroup;
			children = (
				33008226261CEC7800A9427C /* Introspect.app */,
			);
			name = Products;
			sourceTree = "<group>";
		};
		33008228261CEC7800A9427C /* Introspect */ = {
			isa = PBXGroup;
			children = (
				33008229261CEC7800A9427C /* IntrospectApp.swift */,
				33008241261CECEE00A9427C /* Example.swift */,
				3300823D261CECC100A9427C /* State */,
				3300823F261CECC800A9427C /* View */,
				3300823E261CECC500A9427C /* Model */,
				33008240261CECD400A9427C /* Common */,
				3300822D261CEC7800A9427C /* Assets.xcassets */,
				33008232261CEC7800A9427C /* Info.plist */,
				3300822F261CEC7800A9427C /* Preview Content */,
			);
			path = Introspect;
			sourceTree = "<group>";
		};
		3300822F261CEC7800A9427C /* Preview Content */ = {
			isa = PBXGroup;
			children = (
				33008230261CEC7800A9427C /* Preview Assets.xcassets */,
			);
			path = "Preview Content";
			sourceTree = "<group>";
		};
		3300823D261CECC100A9427C /* State */ = {
			isa = PBXGroup;
			children = (
				33742F1D261D2B71002B769C /* Root.swift */,
				33008248261CF2D300A9427C /* Assessment.swift */,
			);
			path = State;
			sourceTree = "<group>";
		};
		3300823E261CECC500A9427C /* Model */ = {
			isa = PBXGroup;
			children = (
				3300824D261CF52200A9427C /* Question.swift */,
			);
			path = Model;
			sourceTree = "<group>";
		};
		3300823F261CECC800A9427C /* View */ = {
			isa = PBXGroup;
			children = (
				33742F21261D2BFB002B769C /* RootView.swift */,
				33742F35261D2EE4002B769C /* AboutTab */,
				33742F2B261D2E32002B769C /* AssessmentTab */,
				33742F33261D2EBE002B769C /* ProfileTab */,
			);
			path = View;
			sourceTree = "<group>";
		};
		33008240261CECD400A9427C /* Common */ = {
			isa = PBXGroup;
			children = (
				33008254261CFF3800A9427C /* ButtonStyle+Extensions.swift */,
			);
			path = Common;
			sourceTree = "<group>";
		};
		33742F2B261D2E32002B769C /* AssessmentTab */ = {
			isa = PBXGroup;
			children = (
				33008244261CECFB00A9427C /* AssessmentView.swift */,
				335AEFF1261D31310048ED51 /* AssessmentStartView.swift */,
				33742F25261D2DE9002B769C /* AssessmentQuestionView.swift */,
				33742F28261D2E11002B769C /* AssessmentFinishedView.swift */,
			);
			path = AssessmentTab;
			sourceTree = "<group>";
		};
		33742F33261D2EBE002B769C /* ProfileTab */ = {
			isa = PBXGroup;
			children = (
				33742F30261D2E96002B769C /* ProfileView.swift */,
			);
			path = ProfileTab;
			sourceTree = "<group>";
		};
		33742F35261D2EE4002B769C /* AboutTab */ = {
			isa = PBXGroup;
			children = (
				33742F2D261D2E6C002B769C /* AboutView.swift */,
			);
			path = AboutTab;
			sourceTree = "<group>";
		};
/* End PBXGroup section */

/* Begin PBXNativeTarget section */
		33008225261CEC7800A9427C /* Introspect */ = {
			isa = PBXNativeTarget;
			buildConfigurationList = 33008235261CEC7800A9427C /* Build configuration list for PBXNativeTarget "Introspect" */;
			buildPhases = (
				33008222261CEC7800A9427C /* Sources */,
				33008223261CEC7800A9427C /* Frameworks */,
				33008224261CEC7800A9427C /* Resources */,
			);
			buildRules = (
			);
			dependencies = (
			);
			name = Introspect;
			packageProductDependencies = (
				3300823A261CECB400A9427C /* ComposableArchitecture */,
			);
			productName = Introspect;
			productReference = 33008226261CEC7800A9427C /* Introspect.app */;
			productType = "com.apple.product-type.application";
		};
/* End PBXNativeTarget section */

/* Begin PBXProject section */
		3300821E261CEC7700A9427C /* Project object */ = {
			isa = PBXProject;
			attributes = {
				LastSwiftUpdateCheck = 1240;
				LastUpgradeCheck = 1240;
				TargetAttributes = {
					33008225261CEC7800A9427C = {
						CreatedOnToolsVersion = 12.4;
					};
				};
			};
			buildConfigurationList = 33008221261CEC7700A9427C /* Build configuration list for PBXProject "Introspect" */;
			compatibilityVersion = "Xcode 9.3";
			developmentRegion = en;
			hasScannedForEncodings = 0;
			knownRegions = (
				en,
				Base,
			);
			mainGroup = 3300821D261CEC7700A9427C;
			packageReferences = (
				33008239261CECB400A9427C /* XCRemoteSwiftPackageReference "swift-composable-architecture" */,
			);
			productRefGroup = 33008227261CEC7800A9427C /* Products */;
			projectDirPath = "";
			projectRoot = "";
			targets = (
				33008225261CEC7800A9427C /* Introspect */,
			);
		};
/* End PBXProject section */

/* Begin PBXResourcesBuildPhase section */
		33008224261CEC7800A9427C /* Resources */ = {
			isa = PBXResourcesBuildPhase;
			buildActionMask = 2147483647;
			files = (
				33008231261CEC7800A9427C /* Preview Assets.xcassets in Resources */,
				3300822E261CEC7800A9427C /* Assets.xcassets in Resources */,
			);
			runOnlyForDeploymentPostprocessing = 0;
		};
/* End PBXResourcesBuildPhase section */

/* Begin PBXSourcesBuildPhase section */
		33008222261CEC7800A9427C /* Sources */ = {
			isa = PBXSourcesBuildPhase;
			buildActionMask = 2147483647;
			files = (
				33742F22261D2BFB002B769C /* RootView.swift in Sources */,
				3300824E261CF52200A9427C /* Question.swift in Sources */,
				33742F2E261D2E6C002B769C /* AboutView.swift in Sources */,
				33008255261CFF3800A9427C /* ButtonStyle+Extensions.swift in Sources */,
				33742F31261D2E96002B769C /* ProfileView.swift in Sources */,
				33742F1E261D2B71002B769C /* Root.swift in Sources */,
				33008245261CECFB00A9427C /* AssessmentView.swift in Sources */,
				3300822A261CEC7800A9427C /* IntrospectApp.swift in Sources */,
				33008242261CECEE00A9427C /* Example.swift in Sources */,
				33008249261CF2D300A9427C /* Assessment.swift in Sources */,
				33742F29261D2E11002B769C /* AssessmentFinishedView.swift in Sources */,
				335AEFF2261D31310048ED51 /* AssessmentStartView.swift in Sources */,
				33742F26261D2DE9002B769C /* AssessmentQuestionView.swift in Sources */,
			);
			runOnlyForDeploymentPostprocessing = 0;
		};
/* End PBXSourcesBuildPhase section */

/* Begin XCBuildConfiguration section */
		33008233261CEC7800A9427C /* Debug */ = {
			isa = XCBuildConfiguration;
			buildSettings = {
				ALWAYS_SEARCH_USER_PATHS = NO;
				CLANG_ANALYZER_NONNULL = YES;
				CLANG_ANALYZER_NUMBER_OBJECT_CONVERSION = YES_AGGRESSIVE;
				CLANG_CXX_LANGUAGE_STANDARD = "gnu++14";
				CLANG_CXX_LIBRARY = "libc++";
				CLANG_ENABLE_MODULES = YES;
				CLANG_ENABLE_OBJC_ARC = YES;
				CLANG_ENABLE_OBJC_WEAK = YES;
				CLANG_WARN_BLOCK_CAPTURE_AUTORELEASING = YES;
				CLANG_WARN_BOOL_CONVERSION = YES;
				CLANG_WARN_COMMA = YES;
				CLANG_WARN_CONSTANT_CONVERSION = YES;
				CLANG_WARN_DEPRECATED_OBJC_IMPLEMENTATIONS = YES;
				CLANG_WARN_DIRECT_OBJC_ISA_USAGE = YES_ERROR;
				CLANG_WARN_DOCUMENTATION_COMMENTS = YES;
				CLANG_WARN_EMPTY_BODY = YES;
				CLANG_WARN_ENUM_CONVERSION = YES;
				CLANG_WARN_INFINITE_RECURSION = YES;
				CLANG_WARN_INT_CONVERSION = YES;
				CLANG_WARN_NON_LITERAL_NULL_CONVERSION = YES;
				CLANG_WARN_OBJC_IMPLICIT_RETAIN_SELF = YES;
				CLANG_WARN_OBJC_LITERAL_CONVERSION = YES;
				CLANG_WARN_OBJC_ROOT_CLASS = YES_ERROR;
				CLANG_WARN_QUOTED_INCLUDE_IN_FRAMEWORK_HEADER = YES;
				CLANG_WARN_RANGE_LOOP_ANALYSIS = YES;
				CLANG_WARN_STRICT_PROTOTYPES = YES;
				CLANG_WARN_SUSPICIOUS_MOVE = YES;
				CLANG_WARN_UNGUARDED_AVAILABILITY = YES_AGGRESSIVE;
				CLANG_WARN_UNREACHABLE_CODE = YES;
				CLANG_WARN__DUPLICATE_METHOD_MATCH = YES;
				COPY_PHASE_STRIP = NO;
				DEBUG_INFORMATION_FORMAT = dwarf;
				ENABLE_STRICT_OBJC_MSGSEND = YES;
				ENABLE_TESTABILITY = YES;
				GCC_C_LANGUAGE_STANDARD = gnu11;
				GCC_DYNAMIC_NO_PIC = NO;
				GCC_NO_COMMON_BLOCKS = YES;
				GCC_OPTIMIZATION_LEVEL = 0;
				GCC_PREPROCESSOR_DEFINITIONS = (
					"DEBUG=1",
					"$(inherited)",
				);
				GCC_WARN_64_TO_32_BIT_CONVERSION = YES;
				GCC_WARN_ABOUT_RETURN_TYPE = YES_ERROR;
				GCC_WARN_UNDECLARED_SELECTOR = YES;
				GCC_WARN_UNINITIALIZED_AUTOS = YES_AGGRESSIVE;
				GCC_WARN_UNUSED_FUNCTION = YES;
				GCC_WARN_UNUSED_VARIABLE = YES;
				IPHONEOS_DEPLOYMENT_TARGET = 14.4;
				MTL_ENABLE_DEBUG_INFO = INCLUDE_SOURCE;
				MTL_FAST_MATH = YES;
				ONLY_ACTIVE_ARCH = YES;
				SDKROOT = iphoneos;
				SWIFT_ACTIVE_COMPILATION_CONDITIONS = DEBUG;
				SWIFT_OPTIMIZATION_LEVEL = "-Onone";
			};
			name = Debug;
		};
		33008234261CEC7800A9427C /* Release */ = {
			isa = XCBuildConfiguration;
			buildSettings = {
				ALWAYS_SEARCH_USER_PATHS = NO;
				CLANG_ANALYZER_NONNULL = YES;
				CLANG_ANALYZER_NUMBER_OBJECT_CONVERSION = YES_AGGRESSIVE;
				CLANG_CXX_LANGUAGE_STANDARD = "gnu++14";
				CLANG_CXX_LIBRARY = "libc++";
				CLANG_ENABLE_MODULES = YES;
				CLANG_ENABLE_OBJC_ARC = YES;
				CLANG_ENABLE_OBJC_WEAK = YES;
				CLANG_WARN_BLOCK_CAPTURE_AUTORELEASING = YES;
				CLANG_WARN_BOOL_CONVERSION = YES;
				CLANG_WARN_COMMA = YES;
				CLANG_WARN_CONSTANT_CONVERSION = YES;
				CLANG_WARN_DEPRECATED_OBJC_IMPLEMENTATIONS = YES;
				CLANG_WARN_DIRECT_OBJC_ISA_USAGE = YES_ERROR;
				CLANG_WARN_DOCUMENTATION_COMMENTS = YES;
				CLANG_WARN_EMPTY_BODY = YES;
				CLANG_WARN_ENUM_CONVERSION = YES;
				CLANG_WARN_INFINITE_RECURSION = YES;
				CLANG_WARN_INT_CONVERSION = YES;
				CLANG_WARN_NON_LITERAL_NULL_CONVERSION = YES;
				CLANG_WARN_OBJC_IMPLICIT_RETAIN_SELF = YES;
				CLANG_WARN_OBJC_LITERAL_CONVERSION = YES;
				CLANG_WARN_OBJC_ROOT_CLASS = YES_ERROR;
				CLANG_WARN_QUOTED_INCLUDE_IN_FRAMEWORK_HEADER = YES;
				CLANG_WARN_RANGE_LOOP_ANALYSIS = YES;
				CLANG_WARN_STRICT_PROTOTYPES = YES;
				CLANG_WARN_SUSPICIOUS_MOVE = YES;
				CLANG_WARN_UNGUARDED_AVAILABILITY = YES_AGGRESSIVE;
				CLANG_WARN_UNREACHABLE_CODE = YES;
				CLANG_WARN__DUPLICATE_METHOD_MATCH = YES;
				COPY_PHASE_STRIP = NO;
				DEBUG_INFORMATION_FORMAT = "dwarf-with-dsym";
				ENABLE_NS_ASSERTIONS = NO;
				ENABLE_STRICT_OBJC_MSGSEND = YES;
				GCC_C_LANGUAGE_STANDARD = gnu11;
				GCC_NO_COMMON_BLOCKS = YES;
				GCC_WARN_64_TO_32_BIT_CONVERSION = YES;
				GCC_WARN_ABOUT_RETURN_TYPE = YES_ERROR;
				GCC_WARN_UNDECLARED_SELECTOR = YES;
				GCC_WARN_UNINITIALIZED_AUTOS = YES_AGGRESSIVE;
				GCC_WARN_UNUSED_FUNCTION = YES;
				GCC_WARN_UNUSED_VARIABLE = YES;
				IPHONEOS_DEPLOYMENT_TARGET = 14.4;
				MTL_ENABLE_DEBUG_INFO = NO;
				MTL_FAST_MATH = YES;
				SDKROOT = iphoneos;
				SWIFT_COMPILATION_MODE = wholemodule;
				SWIFT_OPTIMIZATION_LEVEL = "-O";
				VALIDATE_PRODUCT = YES;
			};
			name = Release;
		};
		33008236261CEC7800A9427C /* Debug */ = {
			isa = XCBuildConfiguration;
			buildSettings = {
				ASSETCATALOG_COMPILER_APPICON_NAME = AppIcon;
				ASSETCATALOG_COMPILER_GLOBAL_ACCENT_COLOR_NAME = AccentColor;
				CODE_SIGN_STYLE = Automatic;
				DEVELOPMENT_ASSET_PATHS = "\"Introspect/Preview Content\"";
				DEVELOPMENT_TEAM = W6LQK45783;
				ENABLE_PREVIEWS = YES;
				INFOPLIST_FILE = Introspect/Info.plist;
				IPHONEOS_DEPLOYMENT_TARGET = 14.0;
				LD_RUNPATH_SEARCH_PATHS = (
					"$(inherited)",
					"@executable_path/Frameworks",
				);
				PRODUCT_BUNDLE_IDENTIFIER = com.kswift.Introspect;
				PRODUCT_NAME = "$(TARGET_NAME)";
				SWIFT_VERSION = 5.0;
				TARGETED_DEVICE_FAMILY = "1,2";
			};
			name = Debug;
		};
		33008237261CEC7800A9427C /* Release */ = {
			isa = XCBuildConfiguration;
			buildSettings = {
				ASSETCATALOG_COMPILER_APPICON_NAME = AppIcon;
				ASSETCATALOG_COMPILER_GLOBAL_ACCENT_COLOR_NAME = AccentColor;
				CODE_SIGN_STYLE = Automatic;
				DEVELOPMENT_ASSET_PATHS = "\"Introspect/Preview Content\"";
				DEVELOPMENT_TEAM = W6LQK45783;
				ENABLE_PREVIEWS = YES;
				INFOPLIST_FILE = Introspect/Info.plist;
				IPHONEOS_DEPLOYMENT_TARGET = 14.0;
				LD_RUNPATH_SEARCH_PATHS = (
					"$(inherited)",
					"@executable_path/Frameworks",
				);
				PRODUCT_BUNDLE_IDENTIFIER = com.kswift.Introspect;
				PRODUCT_NAME = "$(TARGET_NAME)";
				SWIFT_VERSION = 5.0;
				TARGETED_DEVICE_FAMILY = "1,2";
			};
			name = Release;
		};
/* End XCBuildConfiguration section */

/* Begin XCConfigurationList section */
		33008221261CEC7700A9427C /* Build configuration list for PBXProject "Introspect" */ = {
			isa = XCConfigurationList;
			buildConfigurations = (
				33008233261CEC7800A9427C /* Debug */,
				33008234261CEC7800A9427C /* Release */,
			);
			defaultConfigurationIsVisible = 0;
			defaultConfigurationName = Release;
		};
		33008235261CEC7800A9427C /* Build configuration list for PBXNativeTarget "Introspect" */ = {
			isa = XCConfigurationList;
			buildConfigurations = (
				33008236261CEC7800A9427C /* Debug */,
				33008237261CEC7800A9427C /* Release */,
			);
			defaultConfigurationIsVisible = 0;
			defaultConfigurationName = Release;
		};
/* End XCConfigurationList section */

/* Begin XCRemoteSwiftPackageReference section */
		33008239261CECB400A9427C /* XCRemoteSwiftPackageReference "swift-composable-architecture" */ = {
			isa = XCRemoteSwiftPackageReference;
			repositoryURL = "https://github.com/pointfreeco/swift-composable-architecture";
			requirement = {
				kind = upToNextMajorVersion;
				minimumVersion = 0.17.0;
			};
		};
/* End XCRemoteSwiftPackageReference section */

/* Begin XCSwiftPackageProductDependency section */
		3300823A261CECB400A9427C /* ComposableArchitecture */ = {
			isa = XCSwiftPackageProductDependency;
			package = 33008239261CECB400A9427C /* XCRemoteSwiftPackageReference "swift-composable-architecture" */;
			productName = ComposableArchitecture;
		};
/* End XCSwiftPackageProductDependency section */
	};
	rootObject = 3300821E261CEC7700A9427C /* Project object */;
}
